
Microsoft Visual Studio Solution File, Format Version 12.00
# Visual Studio Version 16
VisualStudioVersion = 16.0.29209.152
MinimumVisualStudioVersion = 10.0.40219.1
Project("{FAE04EC0-301F-11D3-BF4B-00C04F79EFBC}") = "XamarinPermissionsIssue.Android", "XamarinPermissionsIssue\XamarinPermissionsIssue.Android\XamarinPermissionsIssue.Android.csproj", "{2DF7EB88-AC69-4F95-8EBB-247333410E7D}"
EndProject
Project("{FAE04EC0-301F-11D3-BF4B-00C04F79EFBC}") = "XamarinPermissionsIssue.iOS", "XamarinPermissionsIssue\XamarinPermissionsIssue.iOS\XamarinPermissionsIssue.iOS.csproj", "{CB1CA4FC-E68F-43E6-AD1D-52C4070CA67E}"
EndProject
Project("{FAE04EC0-301F-11D3-BF4B-00C04F79EFBC}") = "XamarinPermissionsIssue", "XamarinPermissionsIssue\XamarinPermissionsIssue\XamarinPermissionsIssue.csproj", "{4F4D4640-BBB5-4F82-8854-058B17470922}"
EndProject
Global
	GlobalSection(SolutionConfigurationPlatforms) = preSolution
		Debug|Any CPU = Debug|Any CPU
		Debug|iPhone = Debug|iPhone
		Debug|iPhoneSimulator = Debug|iPhoneSimulator
		Release|Any CPU = Release|Any CPU
		Release|iPhone = Release|iPhone
		Release|iPhoneSimulator = Release|iPhoneSimulator
	EndGlobalSection
	GlobalSection(ProjectConfigurationPlatforms) = postSolution
		{2DF7EB88-AC69-4F95-8EBB-247333410E7D}.Debug|Any CPU.ActiveCfg = Debug|Any CPU
		{2DF7EB88-AC69-4F95-8EBB-247333410E7D}.Debug|Any CPU.Build.0 = Debug|Any CPU
		{2DF7EB88-AC69-4F95-8EBB-247333410E7D}.Debug|Any CPU.Deploy.0 = Debug|Any CPU
		{2DF7EB88-AC69-4F95-8EBB-247333410E7D}.Debug|iPhone.ActiveCfg = Debug|Any CPU
		{2DF7EB88-AC69-4F95-8EBB-247333410E7D}.Debug|iPhone.Build.0 = Debug|Any CPU
		{2DF7EB88-AC69-4F95-8EBB-247333410E7D}.Debug|iPhone.Deploy.0 = Debug|Any CPU
		{2DF7EB88-AC69-4F95-8EBB-247333410E7D}.Debug|iPhoneSimulator.ActiveCfg = Debug|Any CPU
		{2DF7EB88-AC69-4F95-8EBB-247333410E7D}.Debug|iPhoneSimulator.Build.0 = Debug|Any CPU
		{2DF7EB88-AC69-4F95-8EBB-247333410E7D}.Debug|iPhoneSimulator.Deploy.0 = Debug|Any CPU
		{2DF7EB88-AC69-4F95-8EBB-247333410E7D}.Release|Any CPU.ActiveCfg = Release|Any CPU
		{2DF7EB88-AC69-4F95-8EBB-247333410E7D}.Release|Any CPU.Build.0 = Release|Any CPU
		{2DF7EB88-AC69-4F95-8EBB-247333410E7D}.Release|Any CPU.Deploy.0 = Release|Any CPU
		{2DF7EB88-AC69-4F95-8EBB-247333410E7D}.Release|iPhone.ActiveCfg = Release|Any CPU
		{2DF7EB88-AC69-4F95-8EBB-247333410E7D}.Release|iPhone.Build.0 = Release|Any CPU
		{2DF7EB88-AC69-4F95-8EBB-247333410E7D}.Release|iPhone.Deploy.0 = Release|Any CPU
		{2DF7EB88-AC69-4F95-8EBB-247333410E7D}.Release|iPhoneSimulator.ActiveCfg = Release|Any CPU
		{2DF7EB88-AC69-4F95-8EBB-247333410E7D}.Release|iPhoneSimulator.Build.0 = Release|Any CPU
		{2DF7EB88-AC69-4F95-8EBB-247333410E7D}.Release|iPhoneSimulator.Deploy.0 = Release|Any CPU
		{CB1CA4FC-E68F-43E6-AD1D-52C4070CA67E}.Debug|Any CPU.ActiveCfg = Debug|iPhoneSimulator
		{CB1CA4FC-E68F-43E6-AD1D-52C4070CA67E}.Debug|Any CPU.Build.0 = Debug|iPhoneSimulator
		{CB1CA4FC-E68F-43E6-AD1D-52C4070CA67E}.Debug|Any CPU.Deploy.0 = Debug|iPhoneSimulator
		{CB1CA4FC-E68F-43E6-AD1D-52C4070CA67E}.Debug|iPhone.ActiveCfg = Debug|iPhone
		{CB1CA4FC-E68F-43E6-AD1D-52C4070CA67E}.Debug|iPhone.Build.0 = Debug|iPhone
		{CB1CA4FC-E68F-43E6-AD1D-52C4070CA67E}.Debug|iPhone.Deploy.0 = Debug|iPhone
		{CB1CA4FC-E68F-43E6-AD1D-52C4070CA67E}.Debug|iPhoneSimulator.ActiveCfg = Debug|iPhoneSimulator
		{CB1CA4FC-E68F-43E6-AD1D-52C4070CA67E}.Debug|iPhoneSimulator.Build.0 = Debug|iPhoneSimulator
		{CB1CA4FC-E68F-43E6-AD1D-52C4070CA67E}.Debug|iPhoneSimulator.Deploy.0 = Debug|iPhoneSimulator
		{CB1CA4FC-E68F-43E6-AD1D-52C4070CA67E}.Release|Any CPU.ActiveCfg = Release|iPhone
		{CB1CA4FC-E68F-43E6-AD1D-52C4070CA67E}.Release|Any CPU.Build.0 = Release|iPhone
		{CB1CA4FC-E68F-43E6-AD1D-52C4070CA67E}.Release|Any CPU.Deploy.0 = Release|iPhone
		{CB1CA4FC-E68F-43E6-AD1D-52C4070CA67E}.Release|iPhone.ActiveCfg = Release|iPhone
		{CB1CA4FC-E68F-43E6-AD1D-52C4070CA67E}.Release|iPhone.Build.0 = Release|iPhone
		{CB1CA4FC-E68F-43E6-AD1D-52C4070CA67E}.Release|iPhone.Deploy.0 = Release|iPhone
		{CB1CA4FC-E68F-43E6-AD1D-52C4070CA67E}.Release|iPhoneSimulator.ActiveCfg = Release|iPhoneSimulator
		{CB1CA4FC-E68F-43E6-AD1D-52C4070CA67E}.Release|iPhoneSimulator.Build.0 = Release|iPhoneSimulator
		{CB1CA4FC-E68F-43E6-AD1D-52C4070CA67E}.Release|iPhoneSimulator.Deploy.0 = Release|iPhoneSimulator
		{4F4D4640-BBB5-4F82-8854-058B17470922}.Debug|Any CPU.ActiveCfg = Debug|Any CPU
		{4F4D4640-BBB5-4F82-8854-058B17470922}.Debug|Any CPU.Build.0 = Debug|Any CPU
		{4F4D4640-BBB5-4F82-8854-058B17470922}.Debug|Any CPU.Deploy.0 = Debug|Any CPU
		{4F4D4640-BBB5-4F82-8854-058B17470922}.Debug|iPhone.ActiveCfg = Debug|Any CPU
		{4F4D4640-BBB5-4F82-8854-058B17470922}.Debug|iPhone.Build.0 = Debug|Any CPU
		{4F4D4640-BBB5-4F82-8854-058B17470922}.Debug|iPhone.Deploy.0 = Debug|Any CPU
		{4F4D4640-BBB5-4F82-8854-058B17470922}.Debug|iPhoneSimulator.ActiveCfg = Debug|Any CPU
		{4F4D4640-BBB5-4F82-8854-058B17470922}.Debug|iPhoneSimulator.Build.0 = Debug|Any CPU
		{4F4D4640-BBB5-4F82-8854-058B17470922}.Debug|iPhoneSimulator.Deploy.0 = Debug|Any CPU
		{4F4D4640-BBB5-4F82-8854-058B17470922}.Release|Any CPU.ActiveCfg = Release|Any CPU
		{4F4D4640-BBB5-4F82-8854-058B17470922}.Release|Any CPU.Build.0 = Release|Any CPU
		{4F4D4640-BBB5-4F82-8854-058B17470922}.Release|Any CPU.Deploy.0 = Release|Any CPU
		{4F4D4640-BBB5-4F82-8854-058B17470922}.Release|iPhone.ActiveCfg = Release|Any CPU
		{4F4D4640-BBB5-4F82-8854-058B17470922}.Release|iPhone.Build.0 = Release|Any CPU
		{4F4D4640-BBB5-4F82-8854-058B17470922}.Release|iPhone.Deploy.0 = Release|Any CPU
		{4F4D4640-BBB5-4F82-8854-058B17470922}.Release|iPhoneSimulator.ActiveCfg = Release|Any CPU
		{4F4D4640-BBB5-4F82-8854-058B17470922}.Release|iPhoneSimulator.Build.0 = Release|Any CPU
		{4F4D4640-BBB5-4F82-8854-058B17470922}.Release|iPhoneSimulator.Deploy.0 = Release|Any CPU
	EndGlobalSection
	GlobalSection(SolutionProperties) = preSolution
		HideSolutionNode = FALSE
	EndGlobalSection
	GlobalSection(ExtensibilityGlobals) = postSolution
		SolutionGuid = {F4760E4E-194D-434C-87BE-9AEAD5409BEE}
	EndGlobalSection
EndGlobal
